
Microsoft Visual Studio Solution File, Format Version 12.00
# Visual Studio 15
VisualStudioVersion = 15.0.28307.1231
MinimumVisualStudioVersion = 10.0.40219.1
Project("{FAE04EC0-301F-11D3-BF4B-00C04F79EFBC}") = "HotFix", "HotFix.csproj", "{BA26CF5C-D9A6-4CF1-B82E-2A0825A68E4D}"
EndProject
Global
	GlobalSection(SolutionConfigurationPlatforms) = preSolution
		Debug|Any CPU = Debug|Any CPU
		Release|Any CPU = Release|Any CPU
	EndGlobalSection
	GlobalSection(ProjectConfigurationPlatforms) = postSolution
		{BA26CF5C-D9A6-4CF1-B82E-2A0825A68E4D}.Debug|Any CPU.ActiveCfg = Debug|Any CPU
		{BA26CF5C-D9A6-4CF1-B82E-2A0825A68E4D}.Debug|Any CPU.Build.0 = Debug|Any CPU
		{BA26CF5C-D9A6-4CF1-B82E-2A0825A68E4D}.Release|Any CPU.ActiveCfg = Release|Any CPU
		{BA26CF5C-D9A6-4CF1-B82E-2A0825A68E4D}.Release|Any CPU.Build.0 = Release|Any CPU
	EndGlobalSection
	GlobalSection(SolutionProperties) = preSolution
		HideSolutionNode = FALSE
	EndGlobalSection
	GlobalSection(ExtensibilityGlobals) = postSolution
		SolutionGuid = {8A998886-6E07-42C4-903C-A1D0E732A8CF}
	EndGlobalSection
EndGlobal
